
Microsoft Visual Studio Solution File, Format Version 12.00
# Visual Studio Express 2012 for Windows Desktop
Project("{FAE04EC0-301F-11D3-BF4B-00C04F79EFBC}") = "HomeStationNetMf43", "HomeStation\HomeStationNetMf43.csproj", "{9B31E188-7210-411F-A201-BAA6F71D0A88}"
	ProjectSection(ProjectDependencies) = postProject
		{A097923B-DB06-40C7-9785-25B6FA5F6B3D} = {A097923B-DB06-40C7-9785-25B6FA5F6B3D}
	EndProjectSection
EndProject
Project("{FAE04EC0-301F-11D3-BF4B-00C04F79EFBC}") = "HttpLibraryV3", "HttpLibraryV3\HttpLibraryV3.csproj", "{A097923B-DB06-40C7-9785-25B6FA5F6B3D}"
EndProject
Project("{FAE04EC0-301F-11D3-BF4B-00C04F79EFBC}") = "HttpFileServer", "FileServer\HttpFileServer.csproj", "{2EA8E1F9-F1CE-440D-BFA5-645DC6BB3993}"
EndProject
Project("{FAE04EC0-301F-11D3-BF4B-00C04F79EFBC}") = "HttpFileClient", "FileClient\HttpFileClient.csproj", "{ED00D22C-BE42-4BB8-B00A-653D8706F0FE}"
EndProject
Global
	GlobalSection(SolutionConfigurationPlatforms) = preSolution
		Debug|Any CPU = Debug|Any CPU
		Debug|Mixed Platforms = Debug|Mixed Platforms
		Debug|x86 = Debug|x86
		Release|Any CPU = Release|Any CPU
		Release|Mixed Platforms = Release|Mixed Platforms
		Release|x86 = Release|x86
	EndGlobalSection
	GlobalSection(ProjectConfigurationPlatforms) = postSolution
		{9B31E188-7210-411F-A201-BAA6F71D0A88}.Debug|Any CPU.ActiveCfg = Debug|Any CPU
		{9B31E188-7210-411F-A201-BAA6F71D0A88}.Debug|Any CPU.Build.0 = Debug|Any CPU
		{9B31E188-7210-411F-A201-BAA6F71D0A88}.Debug|Any CPU.Deploy.0 = Debug|Any CPU
		{9B31E188-7210-411F-A201-BAA6F71D0A88}.Debug|Mixed Platforms.ActiveCfg = Debug|Any CPU
		{9B31E188-7210-411F-A201-BAA6F71D0A88}.Debug|Mixed Platforms.Build.0 = Debug|Any CPU
		{9B31E188-7210-411F-A201-BAA6F71D0A88}.Debug|Mixed Platforms.Deploy.0 = Debug|Any CPU
		{9B31E188-7210-411F-A201-BAA6F71D0A88}.Debug|x86.ActiveCfg = Debug|Any CPU
		{9B31E188-7210-411F-A201-BAA6F71D0A88}.Release|Any CPU.ActiveCfg = Release|Any CPU
		{9B31E188-7210-411F-A201-BAA6F71D0A88}.Release|Any CPU.Build.0 = Release|Any CPU
		{9B31E188-7210-411F-A201-BAA6F71D0A88}.Release|Any CPU.Deploy.0 = Release|Any CPU
		{9B31E188-7210-411F-A201-BAA6F71D0A88}.Release|Mixed Platforms.ActiveCfg = Release|Any CPU
		{9B31E188-7210-411F-A201-BAA6F71D0A88}.Release|Mixed Platforms.Build.0 = Release|Any CPU
		{9B31E188-7210-411F-A201-BAA6F71D0A88}.Release|Mixed Platforms.Deploy.0 = Release|Any CPU
		{9B31E188-7210-411F-A201-BAA6F71D0A88}.Release|x86.ActiveCfg = Release|Any CPU
		{A097923B-DB06-40C7-9785-25B6FA5F6B3D}.Debug|Any CPU.ActiveCfg = Debug|Any CPU
		{A097923B-DB06-40C7-9785-25B6FA5F6B3D}.Debug|Any CPU.Build.0 = Debug|Any CPU
		{A097923B-DB06-40C7-9785-25B6FA5F6B3D}.Debug|Mixed Platforms.ActiveCfg = Debug|Any CPU
		{A097923B-DB06-40C7-9785-25B6FA5F6B3D}.Debug|Mixed Platforms.Build.0 = Debug|Any CPU
		{A097923B-DB06-40C7-9785-25B6FA5F6B3D}.Debug|x86.ActiveCfg = Debug|Any CPU
		{A097923B-DB06-40C7-9785-25B6FA5F6B3D}.Release|Any CPU.ActiveCfg = Release|Any CPU
		{A097923B-DB06-40C7-9785-25B6FA5F6B3D}.Release|Any CPU.Build.0 = Release|Any CPU
		{A097923B-DB06-40C7-9785-25B6FA5F6B3D}.Release|Mixed Platforms.ActiveCfg = Release|Any CPU
		{A097923B-DB06-40C7-9785-25B6FA5F6B3D}.Release|Mixed Platforms.Build.0 = Release|Any CPU
		{A097923B-DB06-40C7-9785-25B6FA5F6B3D}.Release|x86.ActiveCfg = Release|Any CPU
		{2EA8E1F9-F1CE-440D-BFA5-645DC6BB3993}.Debug|Any CPU.ActiveCfg = Debug|Any CPU
		{2EA8E1F9-F1CE-440D-BFA5-645DC6BB3993}.Debug|Any CPU.Build.0 = Debug|Any CPU
		{2EA8E1F9-F1CE-440D-BFA5-645DC6BB3993}.Debug|Mixed Platforms.ActiveCfg = Debug|Any CPU
		{2EA8E1F9-F1CE-440D-BFA5-645DC6BB3993}.Debug|Mixed Platforms.Build.0 = Debug|Any CPU
		{2EA8E1F9-F1CE-440D-BFA5-645DC6BB3993}.Debug|x86.ActiveCfg = Debug|Any CPU
		{2EA8E1F9-F1CE-440D-BFA5-645DC6BB3993}.Release|Any CPU.ActiveCfg = Release|Any CPU
		{2EA8E1F9-F1CE-440D-BFA5-645DC6BB3993}.Release|Any CPU.Build.0 = Release|Any CPU
		{2EA8E1F9-F1CE-440D-BFA5-645DC6BB3993}.Release|Mixed Platforms.ActiveCfg = Release|Any CPU
		{2EA8E1F9-F1CE-440D-BFA5-645DC6BB3993}.Release|Mixed Platforms.Build.0 = Release|Any CPU
		{2EA8E1F9-F1CE-440D-BFA5-645DC6BB3993}.Release|x86.ActiveCfg = Release|Any CPU
		{ED00D22C-BE42-4BB8-B00A-653D8706F0FE}.Debug|Any CPU.ActiveCfg = Debug|x86
		{ED00D22C-BE42-4BB8-B00A-653D8706F0FE}.Debug|Mixed Platforms.ActiveCfg = Debug|x86
		{ED00D22C-BE42-4BB8-B00A-653D8706F0FE}.Debug|Mixed Platforms.Build.0 = Debug|x86
		{ED00D22C-BE42-4BB8-B00A-653D8706F0FE}.Debug|x86.ActiveCfg = Debug|x86
		{ED00D22C-BE42-4BB8-B00A-653D8706F0FE}.Debug|x86.Build.0 = Debug|x86
		{ED00D22C-BE42-4BB8-B00A-653D8706F0FE}.Release|Any CPU.ActiveCfg = Release|x86
		{ED00D22C-BE42-4BB8-B00A-653D8706F0FE}.Release|Mixed Platforms.ActiveCfg = Release|x86
		{ED00D22C-BE42-4BB8-B00A-653D8706F0FE}.Release|Mixed Platforms.Build.0 = Release|x86
		{ED00D22C-BE42-4BB8-B00A-653D8706F0FE}.Release|x86.ActiveCfg = Release|x86
		{ED00D22C-BE42-4BB8-B00A-653D8706F0FE}.Release|x86.Build.0 = Release|x86
	EndGlobalSection
	GlobalSection(SolutionProperties) = preSolution
		HideSolutionNode = FALSE
	EndGlobalSection
EndGlobal
